
Microsoft Visual Studio Solution File, Format Version 12.00
# Visual Studio Version 16
VisualStudioVersion = 16.0.31702.278
MinimumVisualStudioVersion = 10.0.40219.1
Project("{9A19103F-16F7-4668-BE54-9A1E7A4F7556}") = "FloodFill", "RasterAlgorithms\FloodFill.csproj", "{7B786FCB-4DED-4262-8363-122F10414620}"
EndProject
Project("{FAE04EC0-301F-11D3-BF4B-00C04F79EFBC}") = "GradientTriangle", "GradientTriangle\GradientTriangle.csproj", "{9E6CF85C-B732-4CAC-9F1E-DC5E843951BA}"
EndProject
Project("{FAE04EC0-301F-11D3-BF4B-00C04F79EFBC}") = "Lab3_2", "Lab3_2\Lab3_2.csproj", "{7F6246B3-E894-4DE0-B058-E88E54B50D0A}"
EndProject
Global
	GlobalSection(SolutionConfigurationPlatforms) = preSolution
		Debug|Any CPU = Debug|Any CPU
		Release|Any CPU = Release|Any CPU
	EndGlobalSection
	GlobalSection(ProjectConfigurationPlatforms) = postSolution
		{7B786FCB-4DED-4262-8363-122F10414620}.Debug|Any CPU.ActiveCfg = Debug|Any CPU
		{7B786FCB-4DED-4262-8363-122F10414620}.Debug|Any CPU.Build.0 = Debug|Any CPU
		{7B786FCB-4DED-4262-8363-122F10414620}.Release|Any CPU.ActiveCfg = Release|Any CPU
		{7B786FCB-4DED-4262-8363-122F10414620}.Release|Any CPU.Build.0 = Release|Any CPU
		{9E6CF85C-B732-4CAC-9F1E-DC5E843951BA}.Debug|Any CPU.ActiveCfg = Debug|Any CPU
		{9E6CF85C-B732-4CAC-9F1E-DC5E843951BA}.Debug|Any CPU.Build.0 = Debug|Any CPU
		{9E6CF85C-B732-4CAC-9F1E-DC5E843951BA}.Release|Any CPU.ActiveCfg = Release|Any CPU
		{9E6CF85C-B732-4CAC-9F1E-DC5E843951BA}.Release|Any CPU.Build.0 = Release|Any CPU
		{7F6246B3-E894-4DE0-B058-E88E54B50D0A}.Debug|Any CPU.ActiveCfg = Debug|Any CPU
		{7F6246B3-E894-4DE0-B058-E88E54B50D0A}.Debug|Any CPU.Build.0 = Debug|Any CPU
		{7F6246B3-E894-4DE0-B058-E88E54B50D0A}.Release|Any CPU.ActiveCfg = Release|Any CPU
		{7F6246B3-E894-4DE0-B058-E88E54B50D0A}.Release|Any CPU.Build.0 = Release|Any CPU
	EndGlobalSection
	GlobalSection(SolutionProperties) = preSolution
		HideSolutionNode = FALSE
	EndGlobalSection
	GlobalSection(ExtensibilityGlobals) = postSolution
		SolutionGuid = {383F24DF-AB0F-477B-9129-BD69C58F78E4}
	EndGlobalSection
EndGlobal
